<Solution>
  <Folder Name="/1 - Interface/">
    <Project Path="Wolfish.Maia/Wolfish.Maia.csproj" />
  </Folder>
  <Folder Name="/2 - Application/">
    <Project Path="Wolfish.Commands/Wolfish.Commands.csproj" />
  </Folder>
  <Folder Name="/3 - Domain/">
    <Project Path="Wolfish.Core/Wolfish.Core.csproj" Id="07b7ddf4-8b6d-4994-b92d-2074be5fa34f" />
    <Project Path="Wolfish.Shared/Wolfish.Shared.csproj" Id="a0540ea1-c9d0-417b-9503-1c3f114d7c62" />
  </Folder>
  <Folder Name="/5 - Infrastructure/">
    <Project Path="Wolfish.ChatAgent/Wolfish.ChatAgent.csproj" />
  </Folder>
  <Folder Name="/7 - Tests/">
    <Project Path="Wolfish.Tests/Wolfish.Tests.csproj" />
    <Project Path="Wolfish.IntegrationTests/Wolfish.IntegrationTests.csproj" />
  </Folder>
  <Folder Name="/DevOps/">
    <File Path=".github/workflows/pages.yml" />
    <File Path=".github/workflows/release.yml" />
  </Folder>
  <Folder Name="/DevScripts/">
    <File Path="DevScripts/install_maia.bat" />
  </Folder>
  <Folder Name="/Docs/">
    <File Path="docs/index.html" />
    <File Path="LICENSE.txt" />
    <File Path="README.md" />
  </Folder>
</Solution>
